
Microsoft Visual Studio Solution File, Format Version 12.00
# Visual Studio Version 16
VisualStudioVersion = 16.0.30517.126
MinimumVisualStudioVersion = 10.0.40219.1
Project("{FAE04EC0-301F-11D3-BF4B-00C04F79EFBC}") = "NetCoreMeetingRoomBookingSystem.MVC", "NetCoreMeetingRoomBookingSystem.MVC\NetCoreMeetingRoomBookingSystem.MVC.csproj", "{0C513337-BC28-460F-B82D-5771F74B5359}"
EndProject
Project("{FAE04EC0-301F-11D3-BF4B-00C04F79EFBC}") = "NetCoreMeetingRoomBookingSystem.DAL", "NetCoreMeetingRoomBookingSystem.DAL\NetCoreMeetingRoomBookingSystem.DAL.csproj", "{86D2C2C9-8870-41F6-A8A1-C19CFAB45739}"
EndProject
Project("{FAE04EC0-301F-11D3-BF4B-00C04F79EFBC}") = "NetCoreMeetingRoomBookingSystem.BLL", "NetCoreMeetingRoomBookingSystem.BLL\NetCoreMeetingRoomBookingSystem.BLL.csproj", "{2BE68E11-BFAF-463B-B500-492E0395EECD}"
EndProject
Global
	GlobalSection(SolutionConfigurationPlatforms) = preSolution
		Debug|Any CPU = Debug|Any CPU
		Release|Any CPU = Release|Any CPU
	EndGlobalSection
	GlobalSection(ProjectConfigurationPlatforms) = postSolution
		{0C513337-BC28-460F-B82D-5771F74B5359}.Debug|Any CPU.ActiveCfg = Debug|Any CPU
		{0C513337-BC28-460F-B82D-5771F74B5359}.Debug|Any CPU.Build.0 = Debug|Any CPU
		{0C513337-BC28-460F-B82D-5771F74B5359}.Release|Any CPU.ActiveCfg = Release|Any CPU
		{0C513337-BC28-460F-B82D-5771F74B5359}.Release|Any CPU.Build.0 = Release|Any CPU
		{86D2C2C9-8870-41F6-A8A1-C19CFAB45739}.Debug|Any CPU.ActiveCfg = Debug|Any CPU
		{86D2C2C9-8870-41F6-A8A1-C19CFAB45739}.Debug|Any CPU.Build.0 = Debug|Any CPU
		{86D2C2C9-8870-41F6-A8A1-C19CFAB45739}.Release|Any CPU.ActiveCfg = Release|Any CPU
		{86D2C2C9-8870-41F6-A8A1-C19CFAB45739}.Release|Any CPU.Build.0 = Release|Any CPU
		{2BE68E11-BFAF-463B-B500-492E0395EECD}.Debug|Any CPU.ActiveCfg = Debug|Any CPU
		{2BE68E11-BFAF-463B-B500-492E0395EECD}.Debug|Any CPU.Build.0 = Debug|Any CPU
		{2BE68E11-BFAF-463B-B500-492E0395EECD}.Release|Any CPU.ActiveCfg = Release|Any CPU
		{2BE68E11-BFAF-463B-B500-492E0395EECD}.Release|Any CPU.Build.0 = Release|Any CPU
	EndGlobalSection
	GlobalSection(SolutionProperties) = preSolution
		HideSolutionNode = FALSE
	EndGlobalSection
	GlobalSection(ExtensibilityGlobals) = postSolution
		SolutionGuid = {6B3289C0-4FEC-4717-AAD0-BDE3544EEEC7}
	EndGlobalSection
EndGlobal
